
Microsoft Visual Studio Solution File, Format Version 11.00
# Visual Studio 2010
Project("{2150E333-8FDC-42A3-9474-1A3956D46DE8}") = "Docs", "Docs", "{6FF10E12-3029-491A-9CFB-877CA27D4048}"
	ProjectSection(SolutionItems) = preProject
		Docs\desc.txt = Docs\desc.txt
	EndProjectSection
EndProject
Project("{FAE04EC0-301F-11D3-BF4B-00C04F79EFBC}") = "RegEx.Tests", "RegEx.Tests\RegEx.Tests.csproj", "{C42B8AEB-77E4-4A3D-A4FB-774DE250833D}"
EndProject
Project("{FAE04EC0-301F-11D3-BF4B-00C04F79EFBC}") = "RegEx", "RegEx\RegEx.csproj", "{D712B375-A8FC-498C-B8B5-AB94BAE75583}"
EndProject
Global
	GlobalSection(SolutionConfigurationPlatforms) = preSolution
		Debug|Any CPU = Debug|Any CPU
		Release|Any CPU = Release|Any CPU
	EndGlobalSection
	GlobalSection(ProjectConfigurationPlatforms) = postSolution
		{C42B8AEB-77E4-4A3D-A4FB-774DE250833D}.Debug|Any CPU.ActiveCfg = Debug|Any CPU
		{C42B8AEB-77E4-4A3D-A4FB-774DE250833D}.Debug|Any CPU.Build.0 = Debug|Any CPU
		{C42B8AEB-77E4-4A3D-A4FB-774DE250833D}.Release|Any CPU.ActiveCfg = Release|Any CPU
		{C42B8AEB-77E4-4A3D-A4FB-774DE250833D}.Release|Any CPU.Build.0 = Release|Any CPU
		{D712B375-A8FC-498C-B8B5-AB94BAE75583}.Debug|Any CPU.ActiveCfg = Debug|Any CPU
		{D712B375-A8FC-498C-B8B5-AB94BAE75583}.Debug|Any CPU.Build.0 = Debug|Any CPU
		{D712B375-A8FC-498C-B8B5-AB94BAE75583}.Release|Any CPU.ActiveCfg = Release|Any CPU
		{D712B375-A8FC-498C-B8B5-AB94BAE75583}.Release|Any CPU.Build.0 = Release|Any CPU
	EndGlobalSection
	GlobalSection(SolutionProperties) = preSolution
		HideSolutionNode = FALSE
	EndGlobalSection
EndGlobal
