
Microsoft Visual Studio Solution File, Format Version 10.00
# Visual Studio 2008
Project("{FAE04EC0-301F-11D3-BF4B-00C04F79EFBC}") = "Insurance", "Insurance.csproj", "{533E8BAA-D625-4EC4-9FCB-AA1FBF6EC6AB}"
EndProject
Global
	GlobalSection(SolutionConfigurationPlatforms) = preSolution
		Debug|Any CPU = Debug|Any CPU
		Release|Any CPU = Release|Any CPU
	EndGlobalSection
	GlobalSection(ProjectConfigurationPlatforms) = postSolution
		{533E8BAA-D625-4EC4-9FCB-AA1FBF6EC6AB}.Debug|Any CPU.ActiveCfg = Debug|Any CPU
		{533E8BAA-D625-4EC4-9FCB-AA1FBF6EC6AB}.Debug|Any CPU.Build.0 = Debug|Any CPU
		{533E8BAA-D625-4EC4-9FCB-AA1FBF6EC6AB}.Release|Any CPU.ActiveCfg = Release|Any CPU
		{533E8BAA-D625-4EC4-9FCB-AA1FBF6EC6AB}.Release|Any CPU.Build.0 = Release|Any CPU
	EndGlobalSection
	GlobalSection(SolutionProperties) = preSolution
		HideSolutionNode = FALSE
	EndGlobalSection
EndGlobal
